{
  "version": 4,
  "terraform_version": "1.9.8",
  "serial": 546,
  "lineage": "5c4fa9f7-61bc-7667-2968-817a38f1ae7e",
  "outputs": {
    "vm_ips": {
      "value": [
        []
      ],
      "type": [
        "tuple",
        [
          [
            "list",
            "string"
          ]
        ]
      ]
    },
    "vm_names": {
      "value": [
        "k0s-master1"
      ],
      "type": [
        "tuple",
        [
          "string"
        ]
      ]
    },
    "vm_status": {
      "value": [
        "k0s-master1 = created"
      ],
      "type": [
        "tuple",
        [
          "string"
        ]
      ]
    }
  },
  "resources": [
    {
      "mode": "data",
      "type": "template_file",
      "name": "network_config",
      "provider": "provider[\"registry.terraform.io/hashicorp/template\"]",
      "instances": [
        {
          "schema_version": 0,
          "attributes": {
            "filename": null,
            "id": "26680c0e89896578dfa58f866343745611293c5faa39e96381cb7fd7fce1feb3",
            "rendered": "version: 2\nethernets:\n  ens3:\n    dhcp4: true\n    dhcp4-overrides:\n      use-dns: true\n      use-ntp: true\n      send-hostname: true\n      route-metric: 100\n    dhcp6: false\n    optional: false",
            "template": "version: 2\nethernets:\n  ens3:\n    dhcp4: true\n    dhcp4-overrides:\n      use-dns: true\n      use-ntp: true\n      send-hostname: true\n      route-metric: 100\n    dhcp6: false\n    optional: false",
            "vars": null
          },
          "sensitive_attributes": []
        }
      ]
    },
    {
      "mode": "data",
      "type": "template_file",
      "name": "user_data",
      "provider": "provider[\"registry.terraform.io/hashicorp/template\"]",
      "instances": [
        {
          "index_key": 0,
          "schema_version": 0,
          "attributes": {
            "filename": null,
            "id": "b6a4da1397d15fa28559c12e8b0fb73b73e7dcada7cb0580c3a923c49c10a01c",
            "rendered": "#cloud-config\nhostname: vm-1\nmanage_etc_hosts: true\nusers:\n  - name: ubuntu\n    passwd: \"$6$kW4vfBM9kGgq4hr$TFtHW7.3jOECR9UCBuw9NrdSMJETzSVoNQGcVv2y.RqRUzWDEtYhYRkGvIpB6ml1fh/fZEVIgKbSXI9L1B6xF.\"\n    lock-passwd: false\n    ssh_pwauth: True\n    chpasswd: { expire: False }\n    ssh-authorized-keys:\n      - ssh-rsa AAAAB3NzaC1yc2EAAAADAQABAAABgQCf+mkgGwx3KKMFm5TYSYa/2Y1vciycnp4Oc6yBUOMP/Ykm7VHpSTqnUlYIrXqKEoWxla45xPcZBSFdyRvA95EGgHpbh3B5mszmcH+8OSBeAQtkk6A6tLEAhRMShNwHTp65tAXGxtKW0gNlHzne/+5fCnI4UYK1Ig+cC8bOhLbnNEQKMYzNvSwHarQC3buCLKgW/S0GGjVqfjX9ho0FoZhuh2wB9cF5sB8sKBKn8KQ12IEHZyPzqas2SnuBWHAkOqlkprBRp5WxZhs7cLUjfnd4qtlKCp5J+agCKHamn7h2tFTNwNMGd9EJfIPlE54vjz0tI9UD8nKrMUx6R95RC8jlK3nSv1akhwRN4o3soWHrGQgiqpI2Z145bj38Hg8KCEzDNr5H2iKWoCOTRAGb3odIysENMqUQtbk6jql7gJqd6tLgA8VOg75B/fFFLpGCVjhy5rCYXWwAU1h/X2EjxQlAeE789sW2bHisiRzG9loGNWFTuH2rWdakHxH9Tg5dbTE= glubuchik@glubuchik-pc\n    sudo: ['ALL=(ALL) NOPASSWD:ALL']\n    groups: sudo, users, admin\n    shell: /bin/bash\npackage_update: true\npackage_upgrade: true\npackages:\n  - curl\n  - wget\n  - vim\n  - net-tools\n  - qemu-guest-agent\n# ДОБАВЬТЕ ЭТИ НАСТРОЙКИ ДЛЯ КОНСОЛИ\nwrite_files:\n  - path: /etc/systemd/system/serial-getty@ttyS0.service.d/override.conf\n    content: |\n      [Service]\n      ExecStart=\n      ExecStart=-/sbin/agetty --keep-baud 115200,38400,9600 %I $TERM\n      Restart=always\n      RestartSec=0\nruncmd:\n  - [systemctl, enable, ssh]\n  - [systemctl, start, ssh]\n  - [systemctl, enable, serial-getty@ttyS0.service]\n  - [systemctl, start, serial-getty@ttyS0.service]\n  - [systemctl, enable, qemu-guest-agent]\n  - [systemctl, start, qemu-guest-agent]\n  - echo \"Installation complete!\" \u003e /home/ubuntu/install_complete.txt\nfinal_message: \"The system is finally up, after $UPTIME seconds\"",
            "template": "#cloud-config\nhostname: ${hostname}\nmanage_etc_hosts: true\nusers:\n  - name: ubuntu\n    passwd: \"$6$kW4vfBM9kGgq4hr$TFtHW7.3jOECR9UCBuw9NrdSMJETzSVoNQGcVv2y.RqRUzWDEtYhYRkGvIpB6ml1fh/fZEVIgKbSXI9L1B6xF.\"\n    lock-passwd: false\n    ssh_pwauth: True\n    chpasswd: { expire: False }\n    ssh-authorized-keys:\n      - ${ssh_key}\n    sudo: ['ALL=(ALL) NOPASSWD:ALL']\n    groups: sudo, users, admin\n    shell: /bin/bash\npackage_update: true\npackage_upgrade: true\npackages:\n  - curl\n  - wget\n  - vim\n  - net-tools\n  - qemu-guest-agent\n# ДОБАВЬТЕ ЭТИ НАСТРОЙКИ ДЛЯ КОНСОЛИ\nwrite_files:\n  - path: /etc/systemd/system/serial-getty@ttyS0.service.d/override.conf\n    content: |\n      [Service]\n      ExecStart=\n      ExecStart=-/sbin/agetty --keep-baud 115200,38400,9600 %I $TERM\n      Restart=always\n      RestartSec=0\nruncmd:\n  - [systemctl, enable, ssh]\n  - [systemctl, start, ssh]\n  - [systemctl, enable, serial-getty@ttyS0.service]\n  - [systemctl, start, serial-getty@ttyS0.service]\n  - [systemctl, enable, qemu-guest-agent]\n  - [systemctl, start, qemu-guest-agent]\n  - echo \"Installation complete!\" \u003e /home/ubuntu/install_complete.txt\nfinal_message: \"The system is finally up, after $UPTIME seconds\"",
            "vars": {
              "hostname": "vm-1",
              "ssh_key": "ssh-rsa AAAAB3NzaC1yc2EAAAADAQABAAABgQCf+mkgGwx3KKMFm5TYSYa/2Y1vciycnp4Oc6yBUOMP/Ykm7VHpSTqnUlYIrXqKEoWxla45xPcZBSFdyRvA95EGgHpbh3B5mszmcH+8OSBeAQtkk6A6tLEAhRMShNwHTp65tAXGxtKW0gNlHzne/+5fCnI4UYK1Ig+cC8bOhLbnNEQKMYzNvSwHarQC3buCLKgW/S0GGjVqfjX9ho0FoZhuh2wB9cF5sB8sKBKn8KQ12IEHZyPzqas2SnuBWHAkOqlkprBRp5WxZhs7cLUjfnd4qtlKCp5J+agCKHamn7h2tFTNwNMGd9EJfIPlE54vjz0tI9UD8nKrMUx6R95RC8jlK3nSv1akhwRN4o3soWHrGQgiqpI2Z145bj38Hg8KCEzDNr5H2iKWoCOTRAGb3odIysENMqUQtbk6jql7gJqd6tLgA8VOg75B/fFFLpGCVjhy5rCYXWwAU1h/X2EjxQlAeE789sW2bHisiRzG9loGNWFTuH2rWdakHxH9Tg5dbTE= glubuchik@glubuchik-pc"
            }
          },
          "sensitive_attributes": []
        }
      ]
    },
    {
      "mode": "managed",
      "type": "libvirt_cloudinit_disk",
      "name": "commoninit",
      "provider": "provider[\"registry.terraform.io/dmacvicar/libvirt\"]",
      "instances": [
        {
          "index_key": 0,
          "schema_version": 0,
          "attributes": {
            "id": "/var/lib/libvirt/images/commoninit-1.iso;03d71b5f-fab3-4a1f-acb6-149c6ba6dab3",
            "meta_data": "",
            "name": "commoninit-1.iso",
            "network_config": "version: 2\nethernets:\n  ens3:\n    dhcp4: true\n    dhcp4-overrides:\n      use-dns: true\n      use-ntp: true\n      send-hostname: true\n      route-metric: 100\n    dhcp6: false\n    optional: false",
            "pool": "default",
            "user_data": "#cloud-config\nhostname: vm-1\nmanage_etc_hosts: true\nusers:\n  - name: ubuntu\n    passwd: \"$6$kW4vfBM9kGgq4hr$TFtHW7.3jOECR9UCBuw9NrdSMJETzSVoNQGcVv2y.RqRUzWDEtYhYRkGvIpB6ml1fh/fZEVIgKbSXI9L1B6xF.\"\n    lock-passwd: false\n    ssh_pwauth: True\n    chpasswd: { expire: False }\n    ssh-authorized-keys:\n      - ssh-rsa AAAAB3NzaC1yc2EAAAADAQABAAABgQCf+mkgGwx3KKMFm5TYSYa/2Y1vciycnp4Oc6yBUOMP/Ykm7VHpSTqnUlYIrXqKEoWxla45xPcZBSFdyRvA95EGgHpbh3B5mszmcH+8OSBeAQtkk6A6tLEAhRMShNwHTp65tAXGxtKW0gNlHzne/+5fCnI4UYK1Ig+cC8bOhLbnNEQKMYzNvSwHarQC3buCLKgW/S0GGjVqfjX9ho0FoZhuh2wB9cF5sB8sKBKn8KQ12IEHZyPzqas2SnuBWHAkOqlkprBRp5WxZhs7cLUjfnd4qtlKCp5J+agCKHamn7h2tFTNwNMGd9EJfIPlE54vjz0tI9UD8nKrMUx6R95RC8jlK3nSv1akhwRN4o3soWHrGQgiqpI2Z145bj38Hg8KCEzDNr5H2iKWoCOTRAGb3odIysENMqUQtbk6jql7gJqd6tLgA8VOg75B/fFFLpGCVjhy5rCYXWwAU1h/X2EjxQlAeE789sW2bHisiRzG9loGNWFTuH2rWdakHxH9Tg5dbTE= glubuchik@glubuchik-pc\n    sudo: ['ALL=(ALL) NOPASSWD:ALL']\n    groups: sudo, users, admin\n    shell: /bin/bash\npackage_update: true\npackage_upgrade: true\npackages:\n  - curl\n  - wget\n  - vim\n  - net-tools\n  - qemu-guest-agent\n# ДОБАВЬТЕ ЭТИ НАСТРОЙКИ ДЛЯ КОНСОЛИ\nwrite_files:\n  - path: /etc/systemd/system/serial-getty@ttyS0.service.d/override.conf\n    content: |\n      [Service]\n      ExecStart=\n      ExecStart=-/sbin/agetty --keep-baud 115200,38400,9600 %I $TERM\n      Restart=always\n      RestartSec=0\nruncmd:\n  - [systemctl, enable, ssh]\n  - [systemctl, start, ssh]\n  - [systemctl, enable, serial-getty@ttyS0.service]\n  - [systemctl, start, serial-getty@ttyS0.service]\n  - [systemctl, enable, qemu-guest-agent]\n  - [systemctl, start, qemu-guest-agent]\n  - echo \"Installation complete!\" \u003e /home/ubuntu/install_complete.txt\nfinal_message: \"The system is finally up, after $UPTIME seconds\""
          },
          "sensitive_attributes": [],
          "private": "bnVsbA==",
          "dependencies": [
            "data.template_file.network_config",
            "data.template_file.user_data"
          ]
        }
      ]
    },
    {
      "mode": "managed",
      "type": "libvirt_domain",
      "name": "vm",
      "provider": "provider[\"registry.terraform.io/dmacvicar/libvirt\"]",
      "instances": [
        {
          "index_key": 0,
          "schema_version": 0,
          "attributes": {
            "arch": "x86_64",
            "autostart": true,
            "boot_device": [],
            "cloudinit": "/var/lib/libvirt/images/commoninit-1.iso;03d71b5f-fab3-4a1f-acb6-149c6ba6dab3",
            "cmdline": null,
            "console": [
              {
                "source_host": "127.0.0.1",
                "source_path": "",
                "source_service": "0",
                "target_port": "0",
                "target_type": "serial",
                "type": "pty"
              },
              {
                "source_host": "127.0.0.1",
                "source_path": "",
                "source_service": "0",
                "target_port": "1",
                "target_type": "virtio",
                "type": "pty"
              }
            ],
            "coreos_ignition": null,
            "cpu": [
              {
                "mode": "custom"
              }
            ],
            "description": "",
            "disk": [
              {
                "block_device": "",
                "file": "",
                "scsi": false,
                "url": "",
                "volume_id": "/home/glubuchik/libvirt/k0s-pool/k0s-1root",
                "wwn": ""
              }
            ],
            "emulator": "/usr/bin/qemu-system-x86_64",
            "filesystem": [],
            "firmware": null,
            "fw_cfg_name": "opt/com.coreos/config",
            "graphics": [
              {
                "autoport": true,
                "listen_address": "127.0.0.1",
                "listen_type": "address",
                "type": "vnc",
                "websocket": 0
              }
            ],
            "id": "1aaed7f4-7c61-42c3-b1ce-8b39569689ed",
            "initrd": "",
            "kernel": "",
            "machine": "pc",
            "memory": 2048,
            "metadata": null,
            "name": "k0s-master1",
            "network_interface": [
              {
                "addresses": [],
                "bridge": "",
                "hostname": "",
                "mac": "52:54:00:66:53:1F",
                "macvtap": "",
                "network_id": "a925c4de-b167-4bc3-ae69-f8566b6b6f94",
                "network_name": "vm-network",
                "passthrough": "",
                "private": "",
                "vepa": "",
                "wait_for_lease": false
              }
            ],
            "nvram": [
              {
                "file": "/var/lib/libvirt/qemu/nvram/k0s-1master_VARS.fd",
                "template": ""
              }
            ],
            "qemu_agent": true,
            "running": true,
            "timeouts": null,
            "tpm": [],
            "type": "kvm",
            "vcpu": 2,
            "video": [],
            "xml": []
          },
          "sensitive_attributes": [],
          "private": "eyJlMmJmYjczMC1lY2FhLTExZTYtOGY4OC0zNDM2M2JjN2M0YzAiOnsiY3JlYXRlIjozMDAwMDAwMDAwMDB9fQ==",
          "dependencies": [
            "data.template_file.network_config",
            "data.template_file.user_data",
            "libvirt_cloudinit_disk.commoninit",
            "libvirt_network.vm_network",
            "libvirt_pool.pool",
            "libvirt_volume.image",
            "libvirt_volume.root"
          ]
        }
      ]
    },
    {
      "mode": "managed",
      "type": "libvirt_network",
      "name": "vm_network",
      "provider": "provider[\"registry.terraform.io/dmacvicar/libvirt\"]",
      "instances": [
        {
          "schema_version": 0,
          "attributes": {
            "addresses": [
              "192.168.100.0/24"
            ],
            "autostart": false,
            "bridge": "virbr1",
            "dhcp": [
              {
                "enabled": true
              }
            ],
            "dns": [
              {
                "enabled": true,
                "forwarders": [],
                "hosts": [],
                "local_only": false,
                "srvs": []
              }
            ],
            "dnsmasq_options": [],
            "domain": null,
            "id": "a925c4de-b167-4bc3-ae69-f8566b6b6f94",
            "mode": "nat",
            "mtu": null,
            "name": "vm-network",
            "routes": [],
            "xml": []
          },
          "sensitive_attributes": [],
          "private": "bnVsbA=="
        }
      ]
    },
    {
      "mode": "managed",
      "type": "libvirt_pool",
      "name": "pool",
      "provider": "provider[\"registry.terraform.io/dmacvicar/libvirt\"]",
      "instances": [
        {
          "schema_version": 0,
          "attributes": {
            "allocation": 46693654528,
            "available": 127256035328,
            "capacity": 173949689856,
            "id": "1920976f-7878-4c29-b0dc-a5ee95e21c8c",
            "name": "k0s-pool",
            "path": null,
            "source": [],
            "target": [
              {
                "path": "/home/glubuchik/libvirt/k0s-pool"
              }
            ],
            "type": "dir",
            "xml": []
          },
          "sensitive_attributes": [],
          "private": "bnVsbA=="
        }
      ]
    },
    {
      "mode": "managed",
      "type": "libvirt_volume",
      "name": "image",
      "provider": "provider[\"registry.terraform.io/dmacvicar/libvirt\"]",
      "instances": [
        {
          "schema_version": 0,
          "attributes": {
            "base_volume_id": null,
            "base_volume_name": null,
            "base_volume_pool": null,
            "format": "qcow2",
            "id": "/home/glubuchik/libvirt/k0s-pool/ubuntu-20.04.6",
            "name": "ubuntu-20.04.6",
            "pool": "k0s-pool",
            "size": 2361393152,
            "source": "/home/glubuchik/Загрузки/ubuntu-20.04-server-cloudimg-amd64.img",
            "xml": []
          },
          "sensitive_attributes": [],
          "private": "bnVsbA==",
          "dependencies": [
            "libvirt_pool.pool"
          ]
        }
      ]
    },
    {
      "mode": "managed",
      "type": "libvirt_volume",
      "name": "root",
      "provider": "provider[\"registry.terraform.io/dmacvicar/libvirt\"]",
      "instances": [
        {
          "index_key": 0,
          "schema_version": 0,
          "attributes": {
            "base_volume_id": "/home/glubuchik/libvirt/k0s-pool/ubuntu-20.04.6",
            "base_volume_name": null,
            "base_volume_pool": null,
            "format": "qcow2",
            "id": "/home/glubuchik/libvirt/k0s-pool/k0s-1root",
            "name": "k0s-1root",
            "pool": "k0s-pool",
            "size": 10737418240,
            "source": null,
            "xml": []
          },
          "sensitive_attributes": [],
          "private": "bnVsbA==",
          "dependencies": [
            "libvirt_pool.pool",
            "libvirt_volume.image"
          ]
        }
      ]
    }
  ],
  "check_results": null
}
